
Microsoft Visual Studio Solution File, Format Version 12.00
# Visual Studio Version 17
VisualStudioVersion = 17.8.34525.116
MinimumVisualStudioVersion = 10.0.40219.1
Project("{FAE04EC0-301F-11D3-BF4B-00C04F79EFBC}") = "MockResult", "MockResult\MockResult.csproj", "{D9FE05D4-58D5-4638-93B9-C90390CABC45}"
EndProject
Project("{FAE04EC0-301F-11D3-BF4B-00C04F79EFBC}") = "MockResult.BenchMarkTest", "MockResult.BenchMarkTest\MockResult.BenchMarkTest.csproj", "{DB807128-CD02-4764-8017-42AAFD75DC75}"
EndProject
Global
	GlobalSection(SolutionConfigurationPlatforms) = preSolution
		Debug|Any CPU = Debug|Any CPU
		Release|Any CPU = Release|Any CPU
	EndGlobalSection
	GlobalSection(ProjectConfigurationPlatforms) = postSolution
		{D9FE05D4-58D5-4638-93B9-C90390CABC45}.Debug|Any CPU.ActiveCfg = Debug|Any CPU
		{D9FE05D4-58D5-4638-93B9-C90390CABC45}.Debug|Any CPU.Build.0 = Debug|Any CPU
		{D9FE05D4-58D5-4638-93B9-C90390CABC45}.Release|Any CPU.ActiveCfg = Release|Any CPU
		{D9FE05D4-58D5-4638-93B9-C90390CABC45}.Release|Any CPU.Build.0 = Release|Any CPU
		{DB807128-CD02-4764-8017-42AAFD75DC75}.Debug|Any CPU.ActiveCfg = Debug|Any CPU
		{DB807128-CD02-4764-8017-42AAFD75DC75}.Debug|Any CPU.Build.0 = Debug|Any CPU
		{DB807128-CD02-4764-8017-42AAFD75DC75}.Release|Any CPU.ActiveCfg = Release|Any CPU
		{DB807128-CD02-4764-8017-42AAFD75DC75}.Release|Any CPU.Build.0 = Release|Any CPU
	EndGlobalSection
	GlobalSection(SolutionProperties) = preSolution
		HideSolutionNode = FALSE
	EndGlobalSection
	GlobalSection(ExtensibilityGlobals) = postSolution
		SolutionGuid = {71C8A7B2-396A-49A9-92F0-17DE53773EEF}
	EndGlobalSection
EndGlobal
